schema: '2.0'
stages:
  ingest:
    cmd: python ml-engine/scripts/dvc_ingest.py
    deps:
    - path: ml-engine/data/candle_db.py
      hash: md5
      md5: 47a25e5fffc31abd03646a5d3b3c55a2
      size: 18765
    - path: ml-engine/data/load_ninjatrader_csv.py
      hash: md5
      md5: 147ccf5e8908af79a85d6794de39e4cd
      size: 4899
    - path: ml-engine/features/feature_pipeline.py
      hash: md5
      md5: ad6ef7761e0d6bf45b2b9a2adae071bc
      size: 26790
    params:
      params.yaml:
        data.csv_path: ml-engine/data/ninjatrader_export.csv
        data.symbol: MNQ
    outs:
    - path: ml-engine/data/trading_data.db
      hash: md5
      md5: 22ebdd36e102f2af2f5766b7297dcad3
      size: 4096
  features:
    cmd: python ml-engine/scripts/dvc_features.py
    deps:
    - path: ml-engine/data/candle_db.py
      hash: md5
      md5: 47a25e5fffc31abd03646a5d3b3c55a2
      size: 18765
    - path: ml-engine/data/trading_data.db
      hash: md5
      md5: 22ebdd36e102f2af2f5766b7297dcad3
      size: 4096
    - path: ml-engine/features/feature_pipeline.py
      hash: md5
      md5: ad6ef7761e0d6bf45b2b9a2adae071bc
      size: 26790
    params:
      params.yaml:
        features.window_size: 14
  train:
    cmd: python ml-engine/scripts/dvc_train.py
    deps:
    - path: ml-engine/data/trading_data.db
      hash: md5
      md5: 22ebdd36e102f2af2f5766b7297dcad3
      size: 4096
    - path: ml-engine/features/feature_pipeline.py
      hash: md5
      md5: ad6ef7761e0d6bf45b2b9a2adae071bc
      size: 26790
    - path: ml-engine/models/direction
      hash: md5
      md5: 52b9ed2fb40555e0743547665b7a0ee7.dir
      size: 113119
      nfiles: 15
    - path: ml-engine/models/regime
      hash: md5
      md5: 4bbfd50862a28f1dc97c5321182e6ec1.dir
      size: 230718
      nfiles: 9
    - path: ml-engine/training/trainer.py
      hash: md5
      md5: 898c1c04e755e64d4a179a3619f122df
      size: 14981
    params:
      params.yaml:
        train.min_trades: 100
        train.mode: incremental
    outs:
    - path: ml-engine/models/store
      hash: md5
      md5: d751713988987e9331980363e24189ce.dir
      size: 0
      nfiles: 0
  evaluate:
    cmd: python ml-engine/scripts/dvc_evaluate.py
    deps:
    - path: ml-engine/data/trading_data.db
      hash: md5
      md5: 22ebdd36e102f2af2f5766b7297dcad3
      size: 4096
    - path: ml-engine/models/store
      hash: md5
      md5: d751713988987e9331980363e24189ce.dir
      size: 0
      nfiles: 0
    outs:
    - path: ml-engine/data/evaluation_metrics.json
      hash: md5
      md5: 99914b932bd37a50b983c5e7c90ae93b
      size: 2
